{
  "lockfile_version": "1",
  "packages": {
    "elmPackages.elm@latest": {
      "last_modified": "2026-06-27T07:37:20Z",
      "resolved": "github:NixOS/nixpkgs/3d46470bb3030020f7e1361f33514854f5bfa86d#elmPackages.elm",
      "source": "devbox-search",
      "version": "0.19.1",
      "systems": {
        "aarch64-darwin": {
          "outputs": [
            {
              "name": "out",
              "path": "/nix/store/5jm3ghwmyjbar8fkm3xr5qlbv7i3kghc-elm-0.19.1",
              "default": true
            },
            {
              "name": "doc",
              "path": "/nix/store/qb7yb5lvj78zz9vh7ngi3hacc1al3spd-elm-0.19.1-doc"
            }
          ],
          "store_path": "/nix/store/5jm3ghwmyjbar8fkm3xr5qlbv7i3kghc-elm-0.19.1"
        },
        "aarch64-linux": {
          "outputs": [
            {
              "name": "out",
              "path": "/nix/store/48sxasvkpk9bbj9qig2v679ac65jpkxh-elm-0.19.1",
              "default": true
            },
            {
              "name": "doc",
              "path": "/nix/store/q4qx2c7903flhf7jibbg8sw9fr4m5735-elm-0.19.1-doc"
            }
          ],
          "store_path": "/nix/store/48sxasvkpk9bbj9qig2v679ac65jpkxh-elm-0.19.1"
        },
        "x86_64-darwin": {
          "outputs": [
            {
              "name": "out",
              "path": "/nix/store/3kbaspxb1df4l95fz6jc85gpyy8paj01-elm-0.19.1",
              "default": true
            },
            {
              "name": "doc",
              "path": "/nix/store/d1440biqqf3dfhw5aggjaxfhxyal0z4p-elm-0.19.1-doc"
            }
          ],
          "store_path": "/nix/store/3kbaspxb1df4l95fz6jc85gpyy8paj01-elm-0.19.1"
        },
        "x86_64-linux": {
          "outputs": [
            {
              "name": "out",
              "path": "/nix/store/gqkbd3mcfyclzaip3j3igblmcyp4prh6-elm-0.19.1",
              "default": true
            },
            {
              "name": "doc",
              "path": "/nix/store/5cr02lhj6xlblsnknssy1jihcydbn1z4-elm-0.19.1-doc"
            }
          ],
          "store_path": "/nix/store/gqkbd3mcfyclzaip3j3igblmcyp4prh6-elm-0.19.1"
        }
      }
    },
    "github:NixOS/nixpkgs/nixpkgs-unstable": {
      "last_modified": "2026-06-16T10:57:20Z",
      "resolved": "github:NixOS/nixpkgs/3e41b24abd260e8f71dbe2f5737d24122f972158?lastModified=1781607440"
    },
    "gnumake@latest": {
      "last_modified": "2026-06-27T07:37:20Z",
      "resolved": "github:NixOS/nixpkgs/3d46470bb3030020f7e1361f33514854f5bfa86d#gnumake",
      "source": "devbox-search",
      "version": "4.4.1",
      "systems": {
        "aarch64-darwin": {
          "outputs": [
            {
              "name": "out",
              "path": "/nix/store/ij3d5cfr8h31a41l80jzid0z6kj2ajsv-gnumake-4.4.1",
              "default": true
            },
            {
              "name": "man",
              "path": "/nix/store/mzy3b5lxi8jbq5d63yvq52sjsq73907l-gnumake-4.4.1-man",
              "default": true
            },
            {
              "name": "doc",
              "path": "/nix/store/v2jpgmm2fsg7b0z27cc514jdqbhm0isy-gnumake-4.4.1-doc"
            },
            {
              "name": "info",
              "path": "/nix/store/dli72plfj1gcp88wv6px7qjjqvnnlql5-gnumake-4.4.1-info"
            }
          ],
          "store_path": "/nix/store/ij3d5cfr8h31a41l80jzid0z6kj2ajsv-gnumake-4.4.1"
        },
        "aarch64-linux": {
          "outputs": [
            {
              "name": "out",
              "path": "/nix/store/v1888rzl1qf8zzd27q1vxvqqssizjx3x-gnumake-4.4.1",
              "default": true
            },
            {
              "name": "man",
              "path": "/nix/store/3c96gbpypik8gzasv9brnka3i6mks9rz-gnumake-4.4.1-man",
              "default": true
            },
            {
              "name": "debug",
              "path": "/nix/store/rcg8zj3391869cn266zwxynplwhyf6qw-gnumake-4.4.1-debug"
            },
            {
              "name": "doc",
              "path": "/nix/store/qvl65zgm24p9sw0mzw3cxijcs8palykk-gnumake-4.4.1-doc"
            },
            {
              "name": "info",
              "path": "/nix/store/2xp5f2ypvrlg6wn5s44jg3ji82l78k9q-gnumake-4.4.1-info"
            }
          ],
          "store_path": "/nix/store/v1888rzl1qf8zzd27q1vxvqqssizjx3x-gnumake-4.4.1"
        },
        "x86_64-darwin": {
          "outputs": [
            {
              "name": "out",
              "path": "/nix/store/0bg5b97b9hbhz8907bfcrch1i116xppa-gnumake-4.4.1",
              "default": true
            },
            {
              "name": "man",
              "path": "/nix/store/wb4yn3d7vmi1hr4f8pz38rjvcl7f70ma-gnumake-4.4.1-man",
              "default": true
            },
            {
              "name": "doc",
              "path": "/nix/store/3b9cjf16jx4ncpp3b4k6m8q01nxsrw1n-gnumake-4.4.1-doc"
            },
            {
              "name": "info",
              "path": "/nix/store/rriz5p4q8a6sca7sw3p3js1m5dl09ia8-gnumake-4.4.1-info"
            }
          ],
          "store_path": "/nix/store/0bg5b97b9hbhz8907bfcrch1i116xppa-gnumake-4.4.1"
        },
        "x86_64-linux": {
          "outputs": [
            {
              "name": "out",
              "path": "/nix/store/k9ybsvscqk4lhz5ndc1ap9800im1cry1-gnumake-4.4.1",
              "default": true
            },
            {
              "name": "man",
              "path": "/nix/store/arjpl2nnq7khwfhy16qphyxxg924apy1-gnumake-4.4.1-man",
              "default": true
            },
            {
              "name": "debug",
              "path": "/nix/store/054b9sxxzph2fbwmj45njf1rspjifaz6-gnumake-4.4.1-debug"
            },
            {
              "name": "doc",
              "path": "/nix/store/c2skg22md4ablx0qfcrsh7vpad31zgyx-gnumake-4.4.1-doc"
            },
            {
              "name": "info",
              "path": "/nix/store/6mifiq9cp2bsg9ghkhifrvlmip7z3147-gnumake-4.4.1-info"
            }
          ],
          "store_path": "/nix/store/k9ybsvscqk4lhz5ndc1ap9800im1cry1-gnumake-4.4.1"
        }
      }
    },
    "nodejs@22": {
      "last_modified": "2026-06-27T07:37:20Z",
      "plugin_version": "0.0.4",
      "resolved": "github:NixOS/nixpkgs/3d46470bb3030020f7e1361f33514854f5bfa86d#nodejs_22",
      "source": "devbox-search",
      "version": "22.23.1",
      "systems": {
        "aarch64-darwin": {
          "outputs": [
            {
              "name": "out",
              "path": "/nix/store/smz0kkakhq96h1ipimiab6cf1yw4nn7n-nodejs-22.23.1",
              "default": true
            }
          ],
          "store_path": "/nix/store/smz0kkakhq96h1ipimiab6cf1yw4nn7n-nodejs-22.23.1"
        },
        "aarch64-linux": {
          "outputs": [
            {
              "name": "out",
              "path": "/nix/store/26r12fb2ywx1q5f9paf1sjibsajz1q99-nodejs-22.23.1",
              "default": true
            }
          ],
          "store_path": "/nix/store/26r12fb2ywx1q5f9paf1sjibsajz1q99-nodejs-22.23.1"
        },
        "x86_64-darwin": {
          "outputs": [
            {
              "name": "out",
              "path": "/nix/store/l1yfdvdrz1vl6f3wsyjglxgsk6r29rkn-nodejs-22.23.1",
              "default": true
            }
          ],
          "store_path": "/nix/store/l1yfdvdrz1vl6f3wsyjglxgsk6r29rkn-nodejs-22.23.1"
        },
        "x86_64-linux": {
          "outputs": [
            {
              "name": "out",
              "path": "/nix/store/znxrv89969njb8fxyyn8rz4ygmmcjpw9-nodejs-22.23.1",
              "default": true
            }
          ],
          "store_path": "/nix/store/znxrv89969njb8fxyyn8rz4ygmmcjpw9-nodejs-22.23.1"
        }
      }
    }
  }
}
